// !$*UTF8*$!
{
	archiveVersion = 1;
	classes = {
	};
	objectVersion = 55;
	objects = {

/* Begin PBXBuildFile section */
		E31E2B0428BE18D9000ACB49 /* QuickSort.swift in Sources */ = {isa = PBXBuildFile; fileRef = E31E2B0328BE18D9000ACB49 /* QuickSort.swift */; };
		E32B841A292793FD005E016F /* BinaryTree.swift in Sources */ = {isa = PBXBuildFile; fileRef = E32B8419292793FD005E016F /* BinaryTree.swift */; };
		E32B841C29279A78005E016F /* BinaryTreeTest.swift in Sources */ = {isa = PBXBuildFile; fileRef = E32B841B29279A78005E016F /* BinaryTreeTest.swift */; };
		E32B841F2928CBFD005E016F /* Recursion.swift in Sources */ = {isa = PBXBuildFile; fileRef = E32B841E2928CBFD005E016F /* Recursion.swift */; };
		E397C18028B10B6500E8A074 /* DataStructure_Package.docc in Sources */ = {isa = PBXBuildFile; fileRef = E397C17F28B10B6500E8A074 /* DataStructure_Package.docc */; };
		E397C18628B10B6600E8A074 /* DataStructure_Package.framework in Frameworks */ = {isa = PBXBuildFile; fileRef = E397C17B28B10B6500E8A074 /* DataStructure_Package.framework */; };
		E397C18B28B10B6600E8A074 /* DataStructure_PackageTests.swift in Sources */ = {isa = PBXBuildFile; fileRef = E397C18A28B10B6600E8A074 /* DataStructure_PackageTests.swift */; };
		E397C18C28B10B6600E8A074 /* DataStructure_Package.h in Headers */ = {isa = PBXBuildFile; fileRef = E397C17E28B10B6500E8A074 /* DataStructure_Package.h */; settings = {ATTRIBUTES = (Public, ); }; };
		E397C19C28B10C2B00E8A074 /* Node.swift in Sources */ = {isa = PBXBuildFile; fileRef = E397C19A28B10C2B00E8A074 /* Node.swift */; };
		E397C19D28B10C2B00E8A074 /* LinkedList.swift in Sources */ = {isa = PBXBuildFile; fileRef = E397C19B28B10C2B00E8A074 /* LinkedList.swift */; };
		E397C1A028B111B800E8A074 /* BinarySearch.swift in Sources */ = {isa = PBXBuildFile; fileRef = E397C19F28B111B800E8A074 /* BinarySearch.swift */; };
		E397C1A328B133B900E8A074 /* MergeSort.swift in Sources */ = {isa = PBXBuildFile; fileRef = E397C1A228B133B900E8A074 /* MergeSort.swift */; };
		E397C1A528B203AD00E8A074 /* LinkedListTest.swift in Sources */ = {isa = PBXBuildFile; fileRef = E397C1A428B203AD00E8A074 /* LinkedListTest.swift */; };
		E397C1A728B417D200E8A074 /* LinkedListMergeSort.swift in Sources */ = {isa = PBXBuildFile; fileRef = E397C1A628B417D100E8A074 /* LinkedListMergeSort.swift */; };
		E3D903F828B604D700DC7D3C /* Tree.swift in Sources */ = {isa = PBXBuildFile; fileRef = E3D903F728B604D700DC7D3C /* Tree.swift */; };
/* End PBXBuildFile section */

/* Begin PBXContainerItemProxy section */
		E397C18728B10B6600E8A074 /* PBXContainerItemProxy */ = {
			isa = PBXContainerItemProxy;
			containerPortal = E397C17228B10B6500E8A074 /* Project object */;
			proxyType = 1;
			remoteGlobalIDString = E397C17A28B10B6500E8A074;
			remoteInfo = "DataStructure-Package";
		};
/* End PBXContainerItemProxy section */

/* Begin PBXFileReference section */
		E31E2B0328BE18D9000ACB49 /* QuickSort.swift */ = {isa = PBXFileReference; lastKnownFileType = sourcecode.swift; path = QuickSort.swift; sourceTree = "<group>"; };
		E32B8419292793FD005E016F /* BinaryTree.swift */ = {isa = PBXFileReference; lastKnownFileType = sourcecode.swift; path = BinaryTree.swift; sourceTree = "<group>"; };
		E32B841B29279A78005E016F /* BinaryTreeTest.swift */ = {isa = PBXFileReference; lastKnownFileType = sourcecode.swift; path = BinaryTreeTest.swift; sourceTree = "<group>"; };
		E32B841E2928CBFD005E016F /* Recursion.swift */ = {isa = PBXFileReference; lastKnownFileType = sourcecode.swift; path = Recursion.swift; sourceTree = "<group>"; };
		E397C17B28B10B6500E8A074 /* DataStructure_Package.framework */ = {isa = PBXFileReference; explicitFileType = wrapper.framework; includeInIndex = 0; path = DataStructure_Package.framework; sourceTree = BUILT_PRODUCTS_DIR; };
		E397C17E28B10B6500E8A074 /* DataStructure_Package.h */ = {isa = PBXFileReference; lastKnownFileType = sourcecode.c.h; path = DataStructure_Package.h; sourceTree = "<group>"; };
		E397C17F28B10B6500E8A074 /* DataStructure_Package.docc */ = {isa = PBXFileReference; lastKnownFileType = folder.documentationcatalog; path = DataStructure_Package.docc; sourceTree = "<group>"; };
		E397C18528B10B6600E8A074 /* DataStructure-PackageTests.xctest */ = {isa = PBXFileReference; explicitFileType = wrapper.cfbundle; includeInIndex = 0; path = "DataStructure-PackageTests.xctest"; sourceTree = BUILT_PRODUCTS_DIR; };
		E397C18A28B10B6600E8A074 /* DataStructure_PackageTests.swift */ = {isa = PBXFileReference; lastKnownFileType = sourcecode.swift; path = DataStructure_PackageTests.swift; sourceTree = "<group>"; };
		E397C19A28B10C2B00E8A074 /* Node.swift */ = {isa = PBXFileReference; fileEncoding = 4; lastKnownFileType = sourcecode.swift; path = Node.swift; sourceTree = "<group>"; };
		E397C19B28B10C2B00E8A074 /* LinkedList.swift */ = {isa = PBXFileReference; fileEncoding = 4; lastKnownFileType = sourcecode.swift; path = LinkedList.swift; sourceTree = "<group>"; };
		E397C19F28B111B800E8A074 /* BinarySearch.swift */ = {isa = PBXFileReference; lastKnownFileType = sourcecode.swift; path = BinarySearch.swift; sourceTree = "<group>"; };
		E397C1A228B133B900E8A074 /* MergeSort.swift */ = {isa = PBXFileReference; lastKnownFileType = sourcecode.swift; path = MergeSort.swift; sourceTree = "<group>"; tabWidth = 4; usesTabs = 0; };
		E397C1A428B203AD00E8A074 /* LinkedListTest.swift */ = {isa = PBXFileReference; lastKnownFileType = sourcecode.swift; path = LinkedListTest.swift; sourceTree = "<group>"; };
		E397C1A628B417D100E8A074 /* LinkedListMergeSort.swift */ = {isa = PBXFileReference; lastKnownFileType = sourcecode.swift; path = LinkedListMergeSort.swift; sourceTree = "<group>"; };
		E3D903F728B604D700DC7D3C /* Tree.swift */ = {isa = PBXFileReference; lastKnownFileType = sourcecode.swift; path = Tree.swift; sourceTree = "<group>"; };
/* End PBXFileReference section */

/* Begin PBXFrameworksBuildPhase section */
		E397C17828B10B6500E8A074 /* Frameworks */ = {
			isa = PBXFrameworksBuildPhase;
			buildActionMask = 2147483647;
			files = (
			);
			runOnlyForDeploymentPostprocessing = 0;
		};
		E397C18228B10B6600E8A074 /* Frameworks */ = {
			isa = PBXFrameworksBuildPhase;
			buildActionMask = 2147483647;
			files = (
				E397C18628B10B6600E8A074 /* DataStructure_Package.framework in Frameworks */,
			);
			runOnlyForDeploymentPostprocessing = 0;
		};
/* End PBXFrameworksBuildPhase section */

/* Begin PBXGroup section */
		E32B841D2928CBE5005E016F /* Recursion */ = {
			isa = PBXGroup;
			children = (
				E32B841E2928CBFD005E016F /* Recursion.swift */,
			);
			path = Recursion;
			sourceTree = "<group>";
		};
		E397C17128B10B6500E8A074 = {
			isa = PBXGroup;
			children = (
				E397C17D28B10B6500E8A074 /* DataStructure-Package */,
				E397C18928B10B6600E8A074 /* DataStructure-PackageTests */,
				E397C17C28B10B6500E8A074 /* Products */,
			);
			sourceTree = "<group>";
		};
		E397C17C28B10B6500E8A074 /* Products */ = {
			isa = PBXGroup;
			children = (
				E397C17B28B10B6500E8A074 /* DataStructure_Package.framework */,
				E397C18528B10B6600E8A074 /* DataStructure-PackageTests.xctest */,
			);
			name = Products;
			sourceTree = "<group>";
		};
		E397C17D28B10B6500E8A074 /* DataStructure-Package */ = {
			isa = PBXGroup;
			children = (
				E397C19628B10B9E00E8A074 /* SupportingFiles */,
				E397C19528B10B8800E8A074 /* DataStructure */,
			);
			path = "DataStructure-Package";
			sourceTree = "<group>";
		};
		E397C18928B10B6600E8A074 /* DataStructure-PackageTests */ = {
			isa = PBXGroup;
			children = (
				E397C18A28B10B6600E8A074 /* DataStructure_PackageTests.swift */,
				E397C1A428B203AD00E8A074 /* LinkedListTest.swift */,
				E32B841B29279A78005E016F /* BinaryTreeTest.swift */,
			);
			path = "DataStructure-PackageTests";
			sourceTree = "<group>";
		};
		E397C19528B10B8800E8A074 /* DataStructure */ = {
			isa = PBXGroup;
			children = (
				E32B841D2928CBE5005E016F /* Recursion */,
				E397C1A828B6020F00E8A074 /* Tree */,
				E397C1A128B1337400E8A074 /* Sorting */,
				E397C19E28B111A800E8A074 /* Searching */,
				E397C19928B10C2B00E8A074 /* LinkedList */,
			);
			path = DataStructure;
			sourceTree = "<group>";
		};
		E397C19628B10B9E00E8A074 /* SupportingFiles */ = {
			isa = PBXGroup;
			children = (
				E397C17E28B10B6500E8A074 /* DataStructure_Package.h */,
				E397C17F28B10B6500E8A074 /* DataStructure_Package.docc */,
			);
			name = SupportingFiles;
			sourceTree = "<group>";
		};
		E397C19928B10C2B00E8A074 /* LinkedList */ = {
			isa = PBXGroup;
			children = (
				E397C19A28B10C2B00E8A074 /* Node.swift */,
				E397C19B28B10C2B00E8A074 /* LinkedList.swift */,
			);
			name = LinkedList;
			path = ../../../DataStructure/LinkedList;
			sourceTree = "<group>";
		};
		E397C19E28B111A800E8A074 /* Searching */ = {
			isa = PBXGroup;
			children = (
				E397C19F28B111B800E8A074 /* BinarySearch.swift */,
			);
			path = Searching;
			sourceTree = "<group>";
		};
		E397C1A128B1337400E8A074 /* Sorting */ = {
			isa = PBXGroup;
			children = (
				E397C1A228B133B900E8A074 /* MergeSort.swift */,
				E397C1A628B417D100E8A074 /* LinkedListMergeSort.swift */,
				E31E2B0328BE18D9000ACB49 /* QuickSort.swift */,
			);
			path = Sorting;
			sourceTree = "<group>";
		};
		E397C1A828B6020F00E8A074 /* Tree */ = {
			isa = PBXGroup;
			children = (
				E3D903F728B604D700DC7D3C /* Tree.swift */,
				E32B8419292793FD005E016F /* BinaryTree.swift */,
			);
			path = Tree;
			sourceTree = "<group>";
		};
/* End PBXGroup section */

/* Begin PBXHeadersBuildPhase section */
		E397C17628B10B6500E8A074 /* Headers */ = {
			isa = PBXHeadersBuildPhase;
			buildActionMask = 2147483647;
			files = (
				E397C18C28B10B6600E8A074 /* DataStructure_Package.h in Headers */,
			);
			runOnlyForDeploymentPostprocessing = 0;
		};
/* End PBXHeadersBuildPhase section */

/* Begin PBXNativeTarget section */
		E397C17A28B10B6500E8A074 /* DataStructure-Package */ = {
			isa = PBXNativeTarget;
			buildConfigurationList = E397C18F28B10B6600E8A074 /* Build configuration list for PBXNativeTarget "DataStructure-Package" */;
			buildPhases = (
				E397C17628B10B6500E8A074 /* Headers */,
				E397C17728B10B6500E8A074 /* Sources */,
				E397C17828B10B6500E8A074 /* Frameworks */,
				E397C17928B10B6500E8A074 /* Resources */,
			);
			buildRules = (
			);
			dependencies = (
			);
			name = "DataStructure-Package";
			productName = "DataStructure-Package";
			productReference = E397C17B28B10B6500E8A074 /* DataStructure_Package.framework */;
			productType = "com.apple.product-type.framework";
		};
		E397C18428B10B6600E8A074 /* DataStructure-PackageTests */ = {
			isa = PBXNativeTarget;
			buildConfigurationList = E397C19228B10B6600E8A074 /* Build configuration list for PBXNativeTarget "DataStructure-PackageTests" */;
			buildPhases = (
				E397C18128B10B6600E8A074 /* Sources */,
				E397C18228B10B6600E8A074 /* Frameworks */,
				E397C18328B10B6600E8A074 /* Resources */,
			);
			buildRules = (
			);
			dependencies = (
				E397C18828B10B6600E8A074 /* PBXTargetDependency */,
			);
			name = "DataStructure-PackageTests";
			productName = "DataStructure-PackageTests";
			productReference = E397C18528B10B6600E8A074 /* DataStructure-PackageTests.xctest */;
			productType = "com.apple.product-type.bundle.unit-test";
		};
/* End PBXNativeTarget section */

/* Begin PBXProject section */
		E397C17228B10B6500E8A074 /* Project object */ = {
			isa = PBXProject;
			attributes = {
				BuildIndependentTargetsInParallel = 1;
				LastSwiftUpdateCheck = 1340;
				LastUpgradeCheck = 1340;
				TargetAttributes = {
					E397C17A28B10B6500E8A074 = {
						CreatedOnToolsVersion = 13.4.1;
					};
					E397C18428B10B6600E8A074 = {
						CreatedOnToolsVersion = 13.4.1;
					};
				};
			};
			buildConfigurationList = E397C17528B10B6500E8A074 /* Build configuration list for PBXProject "DataStructure-Package" */;
			compatibilityVersion = "Xcode 13.0";
			developmentRegion = en;
			hasScannedForEncodings = 0;
			knownRegions = (
				en,
				Base,
			);
			mainGroup = E397C17128B10B6500E8A074;
			productRefGroup = E397C17C28B10B6500E8A074 /* Products */;
			projectDirPath = "";
			projectRoot = "";
			targets = (
				E397C17A28B10B6500E8A074 /* DataStructure-Package */,
				E397C18428B10B6600E8A074 /* DataStructure-PackageTests */,
			);
		};
/* End PBXProject section */

/* Begin PBXResourcesBuildPhase section */
		E397C17928B10B6500E8A074 /* Resources */ = {
			isa = PBXResourcesBuildPhase;
			buildActionMask = 2147483647;
			files = (
			);
			runOnlyForDeploymentPostprocessing = 0;
		};
		E397C18328B10B6600E8A074 /* Resources */ = {
			isa = PBXResourcesBuildPhase;
			buildActionMask = 2147483647;
			files = (
			);
			runOnlyForDeploymentPostprocessing = 0;
		};
/* End PBXResourcesBuildPhase section */

/* Begin PBXSourcesBuildPhase section */
		E397C17728B10B6500E8A074 /* Sources */ = {
			isa = PBXSourcesBuildPhase;
			buildActionMask = 2147483647;
			files = (
				E3D903F828B604D700DC7D3C /* Tree.swift in Sources */,
				E397C1A028B111B800E8A074 /* BinarySearch.swift in Sources */,
				E397C19D28B10C2B00E8A074 /* LinkedList.swift in Sources */,
				E397C18028B10B6500E8A074 /* DataStructure_Package.docc in Sources */,
				E397C19C28B10C2B00E8A074 /* Node.swift in Sources */,
				E32B841A292793FD005E016F /* BinaryTree.swift in Sources */,
				E32B841F2928CBFD005E016F /* Recursion.swift in Sources */,
				E397C1A328B133B900E8A074 /* MergeSort.swift in Sources */,
				E397C1A728B417D200E8A074 /* LinkedListMergeSort.swift in Sources */,
				E31E2B0428BE18D9000ACB49 /* QuickSort.swift in Sources */,
			);
			runOnlyForDeploymentPostprocessing = 0;
		};
		E397C18128B10B6600E8A074 /* Sources */ = {
			isa = PBXSourcesBuildPhase;
			buildActionMask = 2147483647;
			files = (
				E397C1A528B203AD00E8A074 /* LinkedListTest.swift in Sources */,
				E32B841C29279A78005E016F /* BinaryTreeTest.swift in Sources */,
				E397C18B28B10B6600E8A074 /* DataStructure_PackageTests.swift in Sources */,
			);
			runOnlyForDeploymentPostprocessing = 0;
		};
/* End PBXSourcesBuildPhase section */

/* Begin PBXTargetDependency section */
		E397C18828B10B6600E8A074 /* PBXTargetDependency */ = {
			isa = PBXTargetDependency;
			target = E397C17A28B10B6500E8A074 /* DataStructure-Package */;
			targetProxy = E397C18728B10B6600E8A074 /* PBXContainerItemProxy */;
		};
/* End PBXTargetDependency section */

/* Begin XCBuildConfiguration section */
		E397C18D28B10B6600E8A074 /* Debug */ = {
			isa = XCBuildConfiguration;
			buildSettings = {
				ALWAYS_SEARCH_USER_PATHS = NO;
				CLANG_ANALYZER_NONNULL = YES;
				CLANG_ANALYZER_NUMBER_OBJECT_CONVERSION = YES_AGGRESSIVE;
				CLANG_CXX_LANGUAGE_STANDARD = "gnu++17";
				CLANG_ENABLE_MODULES = YES;
				CLANG_ENABLE_OBJC_ARC = YES;
				CLANG_ENABLE_OBJC_WEAK = YES;
				CLANG_WARN_BLOCK_CAPTURE_AUTORELEASING = YES;
				CLANG_WARN_BOOL_CONVERSION = YES;
				CLANG_WARN_COMMA = YES;
				CLANG_WARN_CONSTANT_CONVERSION = YES;
				CLANG_WARN_DEPRECATED_OBJC_IMPLEMENTATIONS = YES;
				CLANG_WARN_DIRECT_OBJC_ISA_USAGE = YES_ERROR;
				CLANG_WARN_DOCUMENTATION_COMMENTS = YES;
				CLANG_WARN_EMPTY_BODY = YES;
				CLANG_WARN_ENUM_CONVERSION = YES;
				CLANG_WARN_INFINITE_RECURSION = YES;
				CLANG_WARN_INT_CONVERSION = YES;
				CLANG_WARN_NON_LITERAL_NULL_CONVERSION = YES;
				CLANG_WARN_OBJC_IMPLICIT_RETAIN_SELF = YES;
				CLANG_WARN_OBJC_LITERAL_CONVERSION = YES;
				CLANG_WARN_OBJC_ROOT_CLASS = YES_ERROR;
				CLANG_WARN_QUOTED_INCLUDE_IN_FRAMEWORK_HEADER = YES;
				CLANG_WARN_RANGE_LOOP_ANALYSIS = YES;
				CLANG_WARN_STRICT_PROTOTYPES = YES;
				CLANG_WARN_SUSPICIOUS_MOVE = YES;
				CLANG_WARN_UNGUARDED_AVAILABILITY = YES_AGGRESSIVE;
				CLANG_WARN_UNREACHABLE_CODE = YES;
				CLANG_WARN__DUPLICATE_METHOD_MATCH = YES;
				COPY_PHASE_STRIP = NO;
				CURRENT_PROJECT_VERSION = 1;
				DEBUG_INFORMATION_FORMAT = dwarf;
				ENABLE_STRICT_OBJC_MSGSEND = YES;
				ENABLE_TESTABILITY = YES;
				GCC_C_LANGUAGE_STANDARD = gnu11;
				GCC_DYNAMIC_NO_PIC = NO;
				GCC_NO_COMMON_BLOCKS = YES;
				GCC_OPTIMIZATION_LEVEL = 0;
				GCC_PREPROCESSOR_DEFINITIONS = (
					"DEBUG=1",
					"$(inherited)",
				);
				GCC_WARN_64_TO_32_BIT_CONVERSION = YES;
				GCC_WARN_ABOUT_RETURN_TYPE = YES_ERROR;
				GCC_WARN_UNDECLARED_SELECTOR = YES;
				GCC_WARN_UNINITIALIZED_AUTOS = YES_AGGRESSIVE;
				GCC_WARN_UNUSED_FUNCTION = YES;
				GCC_WARN_UNUSED_VARIABLE = YES;
				IPHONEOS_DEPLOYMENT_TARGET = 15.5;
				MTL_ENABLE_DEBUG_INFO = INCLUDE_SOURCE;
				MTL_FAST_MATH = YES;
				ONLY_ACTIVE_ARCH = YES;
				SDKROOT = iphoneos;
				SWIFT_ACTIVE_COMPILATION_CONDITIONS = DEBUG;
				SWIFT_OPTIMIZATION_LEVEL = "-Onone";
				VERSIONING_SYSTEM = "apple-generic";
				VERSION_INFO_PREFIX = "";
			};
			name = Debug;
		};
		E397C18E28B10B6600E8A074 /* Release */ = {
			isa = XCBuildConfiguration;
			buildSettings = {
				ALWAYS_SEARCH_USER_PATHS = NO;
				CLANG_ANALYZER_NONNULL = YES;
				CLANG_ANALYZER_NUMBER_OBJECT_CONVERSION = YES_AGGRESSIVE;
				CLANG_CXX_LANGUAGE_STANDARD = "gnu++17";
				CLANG_ENABLE_MODULES = YES;
				CLANG_ENABLE_OBJC_ARC = YES;
				CLANG_ENABLE_OBJC_WEAK = YES;
				CLANG_WARN_BLOCK_CAPTURE_AUTORELEASING = YES;
				CLANG_WARN_BOOL_CONVERSION = YES;
				CLANG_WARN_COMMA = YES;
				CLANG_WARN_CONSTANT_CONVERSION = YES;
				CLANG_WARN_DEPRECATED_OBJC_IMPLEMENTATIONS = YES;
				CLANG_WARN_DIRECT_OBJC_ISA_USAGE = YES_ERROR;
				CLANG_WARN_DOCUMENTATION_COMMENTS = YES;
				CLANG_WARN_EMPTY_BODY = YES;
				CLANG_WARN_ENUM_CONVERSION = YES;
				CLANG_WARN_INFINITE_RECURSION = YES;
				CLANG_WARN_INT_CONVERSION = YES;
				CLANG_WARN_NON_LITERAL_NULL_CONVERSION = YES;
				CLANG_WARN_OBJC_IMPLICIT_RETAIN_SELF = YES;
				CLANG_WARN_OBJC_LITERAL_CONVERSION = YES;
				CLANG_WARN_OBJC_ROOT_CLASS = YES_ERROR;
				CLANG_WARN_QUOTED_INCLUDE_IN_FRAMEWORK_HEADER = YES;
				CLANG_WARN_RANGE_LOOP_ANALYSIS = YES;
				CLANG_WARN_STRICT_PROTOTYPES = YES;
				CLANG_WARN_SUSPICIOUS_MOVE = YES;
				CLANG_WARN_UNGUARDED_AVAILABILITY = YES_AGGRESSIVE;
				CLANG_WARN_UNREACHABLE_CODE = YES;
				CLANG_WARN__DUPLICATE_METHOD_MATCH = YES;
				COPY_PHASE_STRIP = NO;
				CURRENT_PROJECT_VERSION = 1;
				DEBUG_INFORMATION_FORMAT = "dwarf-with-dsym";
				ENABLE_NS_ASSERTIONS = NO;
				ENABLE_STRICT_OBJC_MSGSEND = YES;
				GCC_C_LANGUAGE_STANDARD = gnu11;
				GCC_NO_COMMON_BLOCKS = YES;
				GCC_WARN_64_TO_32_BIT_CONVERSION = YES;
				GCC_WARN_ABOUT_RETURN_TYPE = YES_ERROR;
				GCC_WARN_UNDECLARED_SELECTOR = YES;
				GCC_WARN_UNINITIALIZED_AUTOS = YES_AGGRESSIVE;
				GCC_WARN_UNUSED_FUNCTION = YES;
				GCC_WARN_UNUSED_VARIABLE = YES;
				IPHONEOS_DEPLOYMENT_TARGET = 15.5;
				MTL_ENABLE_DEBUG_INFO = NO;
				MTL_FAST_MATH = YES;
				SDKROOT = iphoneos;
				SWIFT_COMPILATION_MODE = wholemodule;
				SWIFT_OPTIMIZATION_LEVEL = "-O";
				VALIDATE_PRODUCT = YES;
				VERSIONING_SYSTEM = "apple-generic";
				VERSION_INFO_PREFIX = "";
			};
			name = Release;
		};
		E397C19028B10B6600E8A074 /* Debug */ = {
			isa = XCBuildConfiguration;
			buildSettings = {
				CODE_SIGN_STYLE = Automatic;
				CURRENT_PROJECT_VERSION = 1;
				DEFINES_MODULE = YES;
				DEVELOPMENT_TEAM = F7X5NH2GJM;
				DYLIB_COMPATIBILITY_VERSION = 1;
				DYLIB_CURRENT_VERSION = 1;
				DYLIB_INSTALL_NAME_BASE = "@rpath";
				GENERATE_INFOPLIST_FILE = YES;
				INFOPLIST_KEY_NSHumanReadableCopyright = "";
				INSTALL_PATH = "$(LOCAL_LIBRARY_DIR)/Frameworks";
				LD_RUNPATH_SEARCH_PATHS = (
					"$(inherited)",
					"@executable_path/Frameworks",
					"@loader_path/Frameworks",
				);
				MARKETING_VERSION = 1.0;
				PRODUCT_BUNDLE_IDENTIFIER = "Premani.DataStructure-Package";
				PRODUCT_NAME = "$(TARGET_NAME:c99extidentifier)";
				SKIP_INSTALL = YES;
				SWIFT_EMIT_LOC_STRINGS = YES;
				SWIFT_VERSION = 5.0;
				TARGETED_DEVICE_FAMILY = "1,2";
			};
			name = Debug;
		};
		E397C19128B10B6600E8A074 /* Release */ = {
			isa = XCBuildConfiguration;
			buildSettings = {
				CODE_SIGN_STYLE = Automatic;
				CURRENT_PROJECT_VERSION = 1;
				DEFINES_MODULE = YES;
				DEVELOPMENT_TEAM = F7X5NH2GJM;
				DYLIB_COMPATIBILITY_VERSION = 1;
				DYLIB_CURRENT_VERSION = 1;
				DYLIB_INSTALL_NAME_BASE = "@rpath";
				GENERATE_INFOPLIST_FILE = YES;
				INFOPLIST_KEY_NSHumanReadableCopyright = "";
				INSTALL_PATH = "$(LOCAL_LIBRARY_DIR)/Frameworks";
				LD_RUNPATH_SEARCH_PATHS = (
					"$(inherited)",
					"@executable_path/Frameworks",
					"@loader_path/Frameworks",
				);
				MARKETING_VERSION = 1.0;
				PRODUCT_BUNDLE_IDENTIFIER = "Premani.DataStructure-Package";
				PRODUCT_NAME = "$(TARGET_NAME:c99extidentifier)";
				SKIP_INSTALL = YES;
				SWIFT_EMIT_LOC_STRINGS = YES;
				SWIFT_VERSION = 5.0;
				TARGETED_DEVICE_FAMILY = "1,2";
			};
			name = Release;
		};
		E397C19328B10B6600E8A074 /* Debug */ = {
			isa = XCBuildConfiguration;
			buildSettings = {
				ALWAYS_EMBED_SWIFT_STANDARD_LIBRARIES = YES;
				CODE_SIGN_STYLE = Automatic;
				CURRENT_PROJECT_VERSION = 1;
				DEVELOPMENT_TEAM = F7X5NH2GJM;
				GENERATE_INFOPLIST_FILE = YES;
				MARKETING_VERSION = 1.0;
				PRODUCT_BUNDLE_IDENTIFIER = "Premani.DataStructure-PackageTests";
				PRODUCT_NAME = "$(TARGET_NAME)";
				SWIFT_EMIT_LOC_STRINGS = NO;
				SWIFT_VERSION = 5.0;
				TARGETED_DEVICE_FAMILY = "1,2";
			};
			name = Debug;
		};
		E397C19428B10B6600E8A074 /* Release */ = {
			isa = XCBuildConfiguration;
			buildSettings = {
				ALWAYS_EMBED_SWIFT_STANDARD_LIBRARIES = YES;
				CODE_SIGN_STYLE = Automatic;
				CURRENT_PROJECT_VERSION = 1;
				DEVELOPMENT_TEAM = F7X5NH2GJM;
				GENERATE_INFOPLIST_FILE = YES;
				MARKETING_VERSION = 1.0;
				PRODUCT_BUNDLE_IDENTIFIER = "Premani.DataStructure-PackageTests";
				PRODUCT_NAME = "$(TARGET_NAME)";
				SWIFT_EMIT_LOC_STRINGS = NO;
				SWIFT_VERSION = 5.0;
				TARGETED_DEVICE_FAMILY = "1,2";
			};
			name = Release;
		};
/* End XCBuildConfiguration section */

/* Begin XCConfigurationList section */
		E397C17528B10B6500E8A074 /* Build configuration list for PBXProject "DataStructure-Package" */ = {
			isa = XCConfigurationList;
			buildConfigurations = (
				E397C18D28B10B6600E8A074 /* Debug */,
				E397C18E28B10B6600E8A074 /* Release */,
			);
			defaultConfigurationIsVisible = 0;
			defaultConfigurationName = Release;
		};
		E397C18F28B10B6600E8A074 /* Build configuration list for PBXNativeTarget "DataStructure-Package" */ = {
			isa = XCConfigurationList;
			buildConfigurations = (
				E397C19028B10B6600E8A074 /* Debug */,
				E397C19128B10B6600E8A074 /* Release */,
			);
			defaultConfigurationIsVisible = 0;
			defaultConfigurationName = Release;
		};
		E397C19228B10B6600E8A074 /* Build configuration list for PBXNativeTarget "DataStructure-PackageTests" */ = {
			isa = XCConfigurationList;
			buildConfigurations = (
				E397C19328B10B6600E8A074 /* Debug */,
				E397C19428B10B6600E8A074 /* Release */,
			);
			defaultConfigurationIsVisible = 0;
			defaultConfigurationName = Release;
		};
/* End XCConfigurationList section */
	};
	rootObject = E397C17228B10B6500E8A074 /* Project object */;
}
